// !$*UTF8*$!
{
	archiveVersion = 1;
	classes = {
	};
	objectVersion = 52;
	objects = {

/* Begin PBXBuildFile section */
		F7F94234267EBE5500D9D905 /* AppDelegate.swift in Sources */ = {isa = PBXBuildFile; fileRef = F7F94233267EBE5500D9D905 /* AppDelegate.swift */; };
		F7F94236267EBE5500D9D905 /* SceneDelegate.swift in Sources */ = {isa = PBXBuildFile; fileRef = F7F94235267EBE5500D9D905 /* SceneDelegate.swift */; };
		F7F94238267EBE5500D9D905 /* ContentView.swift in Sources */ = {isa = PBXBuildFile; fileRef = F7F94237267EBE5500D9D905 /* ContentView.swift */; };
		F7F9423A267EBE5700D9D905 /* Assets.xcassets in Resources */ = {isa = PBXBuildFile; fileRef = F7F94239267EBE5700D9D905 /* Assets.xcassets */; };
		F7F9423D267EBE5700D9D905 /* Preview Assets.xcassets in Resources */ = {isa = PBXBuildFile; fileRef = F7F9423C267EBE5700D9D905 /* Preview Assets.xcassets */; };
		F7F94240267EBE5700D9D905 /* LaunchScreen.storyboard in Resources */ = {isa = PBXBuildFile; fileRef = F7F9423E267EBE5700D9D905 /* LaunchScreen.storyboard */; };
		F7F94249267ECA5A00D9D905 /* IterableSDK in Frameworks */ = {isa = PBXBuildFile; productRef = F7F94248267ECA5A00D9D905 /* IterableSDK */; };
/* End PBXBuildFile section */

/* Begin PBXFileReference section */
		F7F94230267EBE5500D9D905 /* IterableSAChallenge.app */ = {isa = PBXFileReference; explicitFileType = wrapper.application; includeInIndex = 0; path = IterableSAChallenge.app; sourceTree = BUILT_PRODUCTS_DIR; };
		F7F94233267EBE5500D9D905 /* AppDelegate.swift */ = {isa = PBXFileReference; lastKnownFileType = sourcecode.swift; path = AppDelegate.swift; sourceTree = "<group>"; };
		F7F94235267EBE5500D9D905 /* SceneDelegate.swift */ = {isa = PBXFileReference; lastKnownFileType = sourcecode.swift; path = SceneDelegate.swift; sourceTree = "<group>"; };
		F7F94237267EBE5500D9D905 /* ContentView.swift */ = {isa = PBXFileReference; lastKnownFileType = sourcecode.swift; path = ContentView.swift; sourceTree = "<group>"; };
		F7F94239267EBE5700D9D905 /* Assets.xcassets */ = {isa = PBXFileReference; lastKnownFileType = folder.assetcatalog; path = Assets.xcassets; sourceTree = "<group>"; };
		F7F9423C267EBE5700D9D905 /* Preview Assets.xcassets */ = {isa = PBXFileReference; lastKnownFileType = folder.assetcatalog; path = "Preview Assets.xcassets"; sourceTree = "<group>"; };
		F7F9423F267EBE5700D9D905 /* Base */ = {isa = PBXFileReference; lastKnownFileType = file.storyboard; name = Base; path = Base.lproj/LaunchScreen.storyboard; sourceTree = "<group>"; };
		F7F94241267EBE5700D9D905 /* Info.plist */ = {isa = PBXFileReference; lastKnownFileType = text.plist.xml; path = Info.plist; sourceTree = "<group>"; };
/* End PBXFileReference section */

/* Begin PBXFrameworksBuildPhase section */
		F7F9422D267EBE5500D9D905 /* Frameworks */ = {
			isa = PBXFrameworksBuildPhase;
			buildActionMask = 2147483647;
			files = (
				F7F94249267ECA5A00D9D905 /* IterableSDK in Frameworks */,
			);
			runOnlyForDeploymentPostprocessing = 0;
		};
/* End PBXFrameworksBuildPhase section */

/* Begin PBXGroup section */
		F7F94227267EBE5500D9D905 = {
			isa = PBXGroup;
			children = (
				F7F94232267EBE5500D9D905 /* IterableSAChallenge */,
				F7F94231267EBE5500D9D905 /* Products */,
			);
			sourceTree = "<group>";
		};
		F7F94231267EBE5500D9D905 /* Products */ = {
			isa = PBXGroup;
			children = (
				F7F94230267EBE5500D9D905 /* IterableSAChallenge.app */,
			);
			name = Products;
			sourceTree = "<group>";
		};
		F7F94232267EBE5500D9D905 /* IterableSAChallenge */ = {
			isa = PBXGroup;
			children = (
				F7F94233267EBE5500D9D905 /* AppDelegate.swift */,
				F7F94235267EBE5500D9D905 /* SceneDelegate.swift */,
				F7F94237267EBE5500D9D905 /* ContentView.swift */,
				F7F94239267EBE5700D9D905 /* Assets.xcassets */,
				F7F9423E267EBE5700D9D905 /* LaunchScreen.storyboard */,
				F7F94241267EBE5700D9D905 /* Info.plist */,
				F7F9423B267EBE5700D9D905 /* Preview Content */,
			);
			path = IterableSAChallenge;
			sourceTree = "<group>";
		};
		F7F9423B267EBE5700D9D905 /* Preview Content */ = {
			isa = PBXGroup;
			children = (
				F7F9423C267EBE5700D9D905 /* Preview Assets.xcassets */,
			);
			path = "Preview Content";
			sourceTree = "<group>";
		};
/* End PBXGroup section */

/* Begin PBXNativeTarget section */
		F7F9422F267EBE5500D9D905 /* IterableSAChallenge */ = {
			isa = PBXNativeTarget;
			buildConfigurationList = F7F94244267EBE5700D9D905 /* Build configuration list for PBXNativeTarget "IterableSAChallenge" */;
			buildPhases = (
				F7F9422C267EBE5500D9D905 /* Sources */,
				F7F9422D267EBE5500D9D905 /* Frameworks */,
				F7F9422E267EBE5500D9D905 /* Resources */,
			);
			buildRules = (
			);
			dependencies = (
			);
			name = IterableSAChallenge;
			packageProductDependencies = (
				F7F94248267ECA5A00D9D905 /* IterableSDK */,
			);
			productName = IterableSAChallenge;
			productReference = F7F94230267EBE5500D9D905 /* IterableSAChallenge.app */;
			productType = "com.apple.product-type.application";
		};
/* End PBXNativeTarget section */

/* Begin PBXProject section */
		F7F94228267EBE5500D9D905 /* Project object */ = {
			isa = PBXProject;
			attributes = {
				LastSwiftUpdateCheck = 1250;
				LastUpgradeCheck = 1250;
				TargetAttributes = {
					F7F9422F267EBE5500D9D905 = {
						CreatedOnToolsVersion = 12.5;
					};
				};
			};
			buildConfigurationList = F7F9422B267EBE5500D9D905 /* Build configuration list for PBXProject "IterableSAChallenge" */;
			compatibilityVersion = "Xcode 9.3";
			developmentRegion = en;
			hasScannedForEncodings = 0;
			knownRegions = (
				en,
				Base,
			);
			mainGroup = F7F94227267EBE5500D9D905;
			packageReferences = (
				F7F94247267ECA5A00D9D905 /* XCRemoteSwiftPackageReference "swift-sdk" */,
			);
			productRefGroup = F7F94231267EBE5500D9D905 /* Products */;
			projectDirPath = "";
			projectRoot = "";
			targets = (
				F7F9422F267EBE5500D9D905 /* IterableSAChallenge */,
			);
		};
/* End PBXProject section */

/* Begin PBXResourcesBuildPhase section */
		F7F9422E267EBE5500D9D905 /* Resources */ = {
			isa = PBXResourcesBuildPhase;
			buildActionMask = 2147483647;
			files = (
				F7F94240267EBE5700D9D905 /* LaunchScreen.storyboard in Resources */,
				F7F9423D267EBE5700D9D905 /* Preview Assets.xcassets in Resources */,
				F7F9423A267EBE5700D9D905 /* Assets.xcassets in Resources */,
			);
			runOnlyForDeploymentPostprocessing = 0;
		};
/* End PBXResourcesBuildPhase section */

/* Begin PBXSourcesBuildPhase section */
		F7F9422C267EBE5500D9D905 /* Sources */ = {
			isa = PBXSourcesBuildPhase;
			buildActionMask = 2147483647;
			files = (
				F7F94234267EBE5500D9D905 /* AppDelegate.swift in Sources */,
				F7F94236267EBE5500D9D905 /* SceneDelegate.swift in Sources */,
				F7F94238267EBE5500D9D905 /* ContentView.swift in Sources */,
			);
			runOnlyForDeploymentPostprocessing = 0;
		};
/* End PBXSourcesBuildPhase section */

/* Begin PBXVariantGroup section */
		F7F9423E267EBE5700D9D905 /* LaunchScreen.storyboard */ = {
			isa = PBXVariantGroup;
			children = (
				F7F9423F267EBE5700D9D905 /* Base */,
			);
			name = LaunchScreen.storyboard;
			sourceTree = "<group>";
		};
/* End PBXVariantGroup section */

/* Begin XCBuildConfiguration section */
		F7F94242267EBE5700D9D905 /* Debug */ = {
			isa = XCBuildConfiguration;
			buildSettings = {
				ALWAYS_SEARCH_USER_PATHS = NO;
				CLANG_ANALYZER_NONNULL = YES;
				CLANG_ANALYZER_NUMBER_OBJECT_CONVERSION = YES_AGGRESSIVE;
				CLANG_CXX_LANGUAGE_STANDARD = "gnu++14";
				CLANG_CXX_LIBRARY = "libc++";
				CLANG_ENABLE_MODULES = YES;
				CLANG_ENABLE_OBJC_ARC = YES;
				CLANG_ENABLE_OBJC_WEAK = YES;
				CLANG_WARN_BLOCK_CAPTURE_AUTORELEASING = YES;
				CLANG_WARN_BOOL_CONVERSION = YES;
				CLANG_WARN_COMMA = YES;
				CLANG_WARN_CONSTANT_CONVERSION = YES;
				CLANG_WARN_DEPRECATED_OBJC_IMPLEMENTATIONS = YES;
				CLANG_WARN_DIRECT_OBJC_ISA_USAGE = YES_ERROR;
				CLANG_WARN_DOCUMENTATION_COMMENTS = YES;
				CLANG_WARN_EMPTY_BODY = YES;
				CLANG_WARN_ENUM_CONVERSION = YES;
				CLANG_WARN_INFINITE_RECURSION = YES;
				CLANG_WARN_INT_CONVERSION = YES;
				CLANG_WARN_NON_LITERAL_NULL_CONVERSION = YES;
				CLANG_WARN_OBJC_IMPLICIT_RETAIN_SELF = YES;
				CLANG_WARN_OBJC_LITERAL_CONVERSION = YES;
				CLANG_WARN_OBJC_ROOT_CLASS = YES_ERROR;
				CLANG_WARN_QUOTED_INCLUDE_IN_FRAMEWORK_HEADER = YES;
				CLANG_WARN_RANGE_LOOP_ANALYSIS = YES;
				CLANG_WARN_STRICT_PROTOTYPES = YES;
				CLANG_WARN_SUSPICIOUS_MOVE = YES;
				CLANG_WARN_UNGUARDED_AVAILABILITY = YES_AGGRESSIVE;
				CLANG_WARN_UNREACHABLE_CODE = YES;
				CLANG_WARN__DUPLICATE_METHOD_MATCH = YES;
				COPY_PHASE_STRIP = NO;
				DEBUG_INFORMATION_FORMAT = dwarf;
				ENABLE_STRICT_OBJC_MSGSEND = YES;
				ENABLE_TESTABILITY = YES;
				GCC_C_LANGUAGE_STANDARD = gnu11;
				GCC_DYNAMIC_NO_PIC = NO;
				GCC_NO_COMMON_BLOCKS = YES;
				GCC_OPTIMIZATION_LEVEL = 0;
				GCC_PREPROCESSOR_DEFINITIONS = (
					"DEBUG=1",
					"$(inherited)",
				);
				GCC_WARN_64_TO_32_BIT_CONVERSION = YES;
				GCC_WARN_ABOUT_RETURN_TYPE = YES_ERROR;
				GCC_WARN_UNDECLARED_SELECTOR = YES;
				GCC_WARN_UNINITIALIZED_AUTOS = YES_AGGRESSIVE;
				GCC_WARN_UNUSED_FUNCTION = YES;
				GCC_WARN_UNUSED_VARIABLE = YES;
				IPHONEOS_DEPLOYMENT_TARGET = 14.5;
				MTL_ENABLE_DEBUG_INFO = INCLUDE_SOURCE;
				MTL_FAST_MATH = YES;
				ONLY_ACTIVE_ARCH = YES;
				SDKROOT = iphoneos;
				SWIFT_ACTIVE_COMPILATION_CONDITIONS = DEBUG;
				SWIFT_OPTIMIZATION_LEVEL = "-Onone";
			};
			name = Debug;
		};
		F7F94243267EBE5700D9D905 /* Release */ = {
			isa = XCBuildConfiguration;
			buildSettings = {
				ALWAYS_SEARCH_USER_PATHS = NO;
				CLANG_ANALYZER_NONNULL = YES;
				CLANG_ANALYZER_NUMBER_OBJECT_CONVERSION = YES_AGGRESSIVE;
				CLANG_CXX_LANGUAGE_STANDARD = "gnu++14";
				CLANG_CXX_LIBRARY = "libc++";
				CLANG_ENABLE_MODULES = YES;
				CLANG_ENABLE_OBJC_ARC = YES;
				CLANG_ENABLE_OBJC_WEAK = YES;
				CLANG_WARN_BLOCK_CAPTURE_AUTORELEASING = YES;
				CLANG_WARN_BOOL_CONVERSION = YES;
				CLANG_WARN_COMMA = YES;
				CLANG_WARN_CONSTANT_CONVERSION = YES;
				CLANG_WARN_DEPRECATED_OBJC_IMPLEMENTATIONS = YES;
				CLANG_WARN_DIRECT_OBJC_ISA_USAGE = YES_ERROR;
				CLANG_WARN_DOCUMENTATION_COMMENTS = YES;
				CLANG_WARN_EMPTY_BODY = YES;
				CLANG_WARN_ENUM_CONVERSION = YES;
				CLANG_WARN_INFINITE_RECURSION = YES;
				CLANG_WARN_INT_CONVERSION = YES;
				CLANG_WARN_NON_LITERAL_NULL_CONVERSION = YES;
				CLANG_WARN_OBJC_IMPLICIT_RETAIN_SELF = YES;
				CLANG_WARN_OBJC_LITERAL_CONVERSION = YES;
				CLANG_WARN_OBJC_ROOT_CLASS = YES_ERROR;
				CLANG_WARN_QUOTED_INCLUDE_IN_FRAMEWORK_HEADER = YES;
				CLANG_WARN_RANGE_LOOP_ANALYSIS = YES;
				CLANG_WARN_STRICT_PROTOTYPES = YES;
				CLANG_WARN_SUSPICIOUS_MOVE = YES;
				CLANG_WARN_UNGUARDED_AVAILABILITY = YES_AGGRESSIVE;
				CLANG_WARN_UNREACHABLE_CODE = YES;
				CLANG_WARN__DUPLICATE_METHOD_MATCH = YES;
				COPY_PHASE_STRIP = NO;
				DEBUG_INFORMATION_FORMAT = "dwarf-with-dsym";
				ENABLE_NS_ASSERTIONS = NO;
				ENABLE_STRICT_OBJC_MSGSEND = YES;
				GCC_C_LANGUAGE_STANDARD = gnu11;
				GCC_NO_COMMON_BLOCKS = YES;
				GCC_WARN_64_TO_32_BIT_CONVERSION = YES;
				GCC_WARN_ABOUT_RETURN_TYPE = YES_ERROR;
				GCC_WARN_UNDECLARED_SELECTOR = YES;
				GCC_WARN_UNINITIALIZED_AUTOS = YES_AGGRESSIVE;
				GCC_WARN_UNUSED_FUNCTION = YES;
				GCC_WARN_UNUSED_VARIABLE = YES;
				IPHONEOS_DEPLOYMENT_TARGET = 14.5;
				MTL_ENABLE_DEBUG_INFO = NO;
				MTL_FAST_MATH = YES;
				SDKROOT = iphoneos;
				SWIFT_COMPILATION_MODE = wholemodule;
				SWIFT_OPTIMIZATION_LEVEL = "-O";
				VALIDATE_PRODUCT = YES;
			};
			name = Release;
		};
		F7F94245267EBE5700D9D905 /* Debug */ = {
			isa = XCBuildConfiguration;
			buildSettings = {
				ASSETCATALOG_COMPILER_APPICON_NAME = AppIcon;
				ASSETCATALOG_COMPILER_GLOBAL_ACCENT_COLOR_NAME = AccentColor;
				CODE_SIGN_STYLE = Automatic;
				DEVELOPMENT_ASSET_PATHS = "\"IterableSAChallenge/Preview Content\"";
				DEVELOPMENT_TEAM = XMSD38SGBX;
				ENABLE_PREVIEWS = YES;
				INFOPLIST_FILE = IterableSAChallenge/Info.plist;
				LD_RUNPATH_SEARCH_PATHS = (
					"$(inherited)",
					"@executable_path/Frameworks",
				);
				PRODUCT_BUNDLE_IDENTIFIER = com.bethanybellio.IterableSAChallenge;
				PRODUCT_NAME = "$(TARGET_NAME)";
				SWIFT_VERSION = 5.0;
				TARGETED_DEVICE_FAMILY = "1,2";
			};
			name = Debug;
		};
		F7F94246267EBE5700D9D905 /* Release */ = {
			isa = XCBuildConfiguration;
			buildSettings = {
				ASSETCATALOG_COMPILER_APPICON_NAME = AppIcon;
				ASSETCATALOG_COMPILER_GLOBAL_ACCENT_COLOR_NAME = AccentColor;
				CODE_SIGN_STYLE = Automatic;
				DEVELOPMENT_ASSET_PATHS = "\"IterableSAChallenge/Preview Content\"";
				DEVELOPMENT_TEAM = XMSD38SGBX;
				ENABLE_PREVIEWS = YES;
				INFOPLIST_FILE = IterableSAChallenge/Info.plist;
				LD_RUNPATH_SEARCH_PATHS = (
					"$(inherited)",
					"@executable_path/Frameworks",
				);
				PRODUCT_BUNDLE_IDENTIFIER = com.bethanybellio.IterableSAChallenge;
				PRODUCT_NAME = "$(TARGET_NAME)";
				SWIFT_VERSION = 5.0;
				TARGETED_DEVICE_FAMILY = "1,2";
			};
			name = Release;
		};
/* End XCBuildConfiguration section */

/* Begin XCConfigurationList section */
		F7F9422B267EBE5500D9D905 /* Build configuration list for PBXProject "IterableSAChallenge" */ = {
			isa = XCConfigurationList;
			buildConfigurations = (
				F7F94242267EBE5700D9D905 /* Debug */,
				F7F94243267EBE5700D9D905 /* Release */,
			);
			defaultConfigurationIsVisible = 0;
			defaultConfigurationName = Release;
		};
		F7F94244267EBE5700D9D905 /* Build configuration list for PBXNativeTarget "IterableSAChallenge" */ = {
			isa = XCConfigurationList;
			buildConfigurations = (
				F7F94245267EBE5700D9D905 /* Debug */,
				F7F94246267EBE5700D9D905 /* Release */,
			);
			defaultConfigurationIsVisible = 0;
			defaultConfigurationName = Release;
		};
/* End XCConfigurationList section */

/* Begin XCRemoteSwiftPackageReference section */
		F7F94247267ECA5A00D9D905 /* XCRemoteSwiftPackageReference "swift-sdk" */ = {
			isa = XCRemoteSwiftPackageReference;
			repositoryURL = "https://github.com/iterable/swift-sdk";
			requirement = {
				kind = upToNextMajorVersion;
				minimumVersion = 6.3.1;
			};
		};
/* End XCRemoteSwiftPackageReference section */

/* Begin XCSwiftPackageProductDependency section */
		F7F94248267ECA5A00D9D905 /* IterableSDK */ = {
			isa = XCSwiftPackageProductDependency;
			package = F7F94247267ECA5A00D9D905 /* XCRemoteSwiftPackageReference "swift-sdk" */;
			productName = IterableSDK;
		};
/* End XCSwiftPackageProductDependency section */
	};
	rootObject = F7F94228267EBE5500D9D905 /* Project object */;
}
